
Microsoft Visual Studio Solution File, Format Version 12.00
# Visual Studio Version 16
VisualStudioVersion = 16.0.28803.352
MinimumVisualStudioVersion = 10.0.40219.1
Project("{FAE04EC0-301F-11D3-BF4B-00C04F79EFBC}") = "AmbxAddon", "AmbxAddon\AmbxAddon.csproj", "{8887CB6B-5AA8-4F41-BBF2-8DBA48D7ECB3}"
EndProject
Project("{9A19103F-16F7-4668-BE54-9A1E7A4F7556}") = "AmbxAddonTests", "AmbxAddonTests\AmbxAddonTests.csproj", "{E2287513-EB93-4F4B-B9C1-4B5BF1C57B3B}"
EndProject
Project("{8BC9CEB8-8B4A-11D0-8D11-00A0C91BC942}") = "amBXLib", "..\dotnet-master\dotnet-master\amBXLib\amBXLib\amBXLib.vcxproj", "{7F002FAB-036C-4227-B279-9CEEF0BB38F8}"
EndProject
Global
	GlobalSection(SolutionConfigurationPlatforms) = preSolution
		CD_ROM|Any CPU = CD_ROM|Any CPU
		CD_ROM|Mixed Platforms = CD_ROM|Mixed Platforms
		CD_ROM|Win32 = CD_ROM|Win32
		Debug|Any CPU = Debug|Any CPU
		Debug|Mixed Platforms = Debug|Mixed Platforms
		Debug|Win32 = Debug|Win32
		DVD-5|Any CPU = DVD-5|Any CPU
		DVD-5|Mixed Platforms = DVD-5|Mixed Platforms
		DVD-5|Win32 = DVD-5|Win32
		Release|Any CPU = Release|Any CPU
		Release|Mixed Platforms = Release|Mixed Platforms
		Release|Win32 = Release|Win32
		SingleImage|Any CPU = SingleImage|Any CPU
		SingleImage|Mixed Platforms = SingleImage|Mixed Platforms
		SingleImage|Win32 = SingleImage|Win32
	EndGlobalSection
	GlobalSection(ProjectConfigurationPlatforms) = postSolution
		{8887CB6B-5AA8-4F41-BBF2-8DBA48D7ECB3}.CD_ROM|Any CPU.ActiveCfg = Release|Any CPU
		{8887CB6B-5AA8-4F41-BBF2-8DBA48D7ECB3}.CD_ROM|Any CPU.Build.0 = Release|Any CPU
		{8887CB6B-5AA8-4F41-BBF2-8DBA48D7ECB3}.CD_ROM|Mixed Platforms.ActiveCfg = Release|Any CPU
		{8887CB6B-5AA8-4F41-BBF2-8DBA48D7ECB3}.CD_ROM|Mixed Platforms.Build.0 = Release|Any CPU
		{8887CB6B-5AA8-4F41-BBF2-8DBA48D7ECB3}.CD_ROM|Win32.ActiveCfg = Release|Any CPU
		{8887CB6B-5AA8-4F41-BBF2-8DBA48D7ECB3}.Debug|Any CPU.ActiveCfg = Debug|Any CPU
		{8887CB6B-5AA8-4F41-BBF2-8DBA48D7ECB3}.Debug|Any CPU.Build.0 = Debug|Any CPU
		{8887CB6B-5AA8-4F41-BBF2-8DBA48D7ECB3}.Debug|Mixed Platforms.ActiveCfg = Debug|Any CPU
		{8887CB6B-5AA8-4F41-BBF2-8DBA48D7ECB3}.Debug|Mixed Platforms.Build.0 = Debug|Any CPU
		{8887CB6B-5AA8-4F41-BBF2-8DBA48D7ECB3}.Debug|Win32.ActiveCfg = Debug|Any CPU
		{8887CB6B-5AA8-4F41-BBF2-8DBA48D7ECB3}.Debug|Win32.Build.0 = Debug|Any CPU
		{8887CB6B-5AA8-4F41-BBF2-8DBA48D7ECB3}.DVD-5|Any CPU.ActiveCfg = Debug|Any CPU
		{8887CB6B-5AA8-4F41-BBF2-8DBA48D7ECB3}.DVD-5|Any CPU.Build.0 = Debug|Any CPU
		{8887CB6B-5AA8-4F41-BBF2-8DBA48D7ECB3}.DVD-5|Mixed Platforms.ActiveCfg = Debug|Any CPU
		{8887CB6B-5AA8-4F41-BBF2-8DBA48D7ECB3}.DVD-5|Mixed Platforms.Build.0 = Debug|Any CPU
		{8887CB6B-5AA8-4F41-BBF2-8DBA48D7ECB3}.DVD-5|Win32.ActiveCfg = Debug|Any CPU
		{8887CB6B-5AA8-4F41-BBF2-8DBA48D7ECB3}.Release|Any CPU.ActiveCfg = Release|Any CPU
		{8887CB6B-5AA8-4F41-BBF2-8DBA48D7ECB3}.Release|Any CPU.Build.0 = Release|Any CPU
		{8887CB6B-5AA8-4F41-BBF2-8DBA48D7ECB3}.Release|Mixed Platforms.ActiveCfg = Release|Any CPU
		{8887CB6B-5AA8-4F41-BBF2-8DBA48D7ECB3}.Release|Mixed Platforms.Build.0 = Release|Any CPU
		{8887CB6B-5AA8-4F41-BBF2-8DBA48D7ECB3}.Release|Win32.ActiveCfg = Release|x86
		{8887CB6B-5AA8-4F41-BBF2-8DBA48D7ECB3}.Release|Win32.Build.0 = Release|x86
		{8887CB6B-5AA8-4F41-BBF2-8DBA48D7ECB3}.SingleImage|Any CPU.ActiveCfg = Release|Any CPU
		{8887CB6B-5AA8-4F41-BBF2-8DBA48D7ECB3}.SingleImage|Any CPU.Build.0 = Release|Any CPU
		{8887CB6B-5AA8-4F41-BBF2-8DBA48D7ECB3}.SingleImage|Mixed Platforms.ActiveCfg = Release|Any CPU
		{8887CB6B-5AA8-4F41-BBF2-8DBA48D7ECB3}.SingleImage|Mixed Platforms.Build.0 = Release|Any CPU
		{8887CB6B-5AA8-4F41-BBF2-8DBA48D7ECB3}.SingleImage|Win32.ActiveCfg = Release|Any CPU
		{E2287513-EB93-4F4B-B9C1-4B5BF1C57B3B}.CD_ROM|Any CPU.ActiveCfg = Debug|Any CPU
		{E2287513-EB93-4F4B-B9C1-4B5BF1C57B3B}.CD_ROM|Any CPU.Build.0 = Debug|Any CPU
		{E2287513-EB93-4F4B-B9C1-4B5BF1C57B3B}.CD_ROM|Mixed Platforms.ActiveCfg = Debug|Any CPU
		{E2287513-EB93-4F4B-B9C1-4B5BF1C57B3B}.CD_ROM|Mixed Platforms.Build.0 = Debug|Any CPU
		{E2287513-EB93-4F4B-B9C1-4B5BF1C57B3B}.CD_ROM|Win32.ActiveCfg = Debug|Any CPU
		{E2287513-EB93-4F4B-B9C1-4B5BF1C57B3B}.CD_ROM|Win32.Build.0 = Debug|Any CPU
		{E2287513-EB93-4F4B-B9C1-4B5BF1C57B3B}.Debug|Any CPU.ActiveCfg = Debug|Any CPU
		{E2287513-EB93-4F4B-B9C1-4B5BF1C57B3B}.Debug|Any CPU.Build.0 = Debug|Any CPU
		{E2287513-EB93-4F4B-B9C1-4B5BF1C57B3B}.Debug|Mixed Platforms.ActiveCfg = Debug|Any CPU
		{E2287513-EB93-4F4B-B9C1-4B5BF1C57B3B}.Debug|Mixed Platforms.Build.0 = Debug|Any CPU
		{E2287513-EB93-4F4B-B9C1-4B5BF1C57B3B}.Debug|Win32.ActiveCfg = Debug|Any CPU
		{E2287513-EB93-4F4B-B9C1-4B5BF1C57B3B}.Debug|Win32.Build.0 = Debug|Any CPU
		{E2287513-EB93-4F4B-B9C1-4B5BF1C57B3B}.DVD-5|Any CPU.ActiveCfg = Debug|Any CPU
		{E2287513-EB93-4F4B-B9C1-4B5BF1C57B3B}.DVD-5|Any CPU.Build.0 = Debug|Any CPU
		{E2287513-EB93-4F4B-B9C1-4B5BF1C57B3B}.DVD-5|Mixed Platforms.ActiveCfg = Debug|Any CPU
		{E2287513-EB93-4F4B-B9C1-4B5BF1C57B3B}.DVD-5|Mixed Platforms.Build.0 = Debug|Any CPU
		{E2287513-EB93-4F4B-B9C1-4B5BF1C57B3B}.DVD-5|Win32.ActiveCfg = Debug|Any CPU
		{E2287513-EB93-4F4B-B9C1-4B5BF1C57B3B}.DVD-5|Win32.Build.0 = Debug|Any CPU
		{E2287513-EB93-4F4B-B9C1-4B5BF1C57B3B}.Release|Any CPU.ActiveCfg = Release|Any CPU
		{E2287513-EB93-4F4B-B9C1-4B5BF1C57B3B}.Release|Any CPU.Build.0 = Release|Any CPU
		{E2287513-EB93-4F4B-B9C1-4B5BF1C57B3B}.Release|Mixed Platforms.ActiveCfg = Release|Any CPU
		{E2287513-EB93-4F4B-B9C1-4B5BF1C57B3B}.Release|Mixed Platforms.Build.0 = Release|Any CPU
		{E2287513-EB93-4F4B-B9C1-4B5BF1C57B3B}.Release|Win32.ActiveCfg = Release|Any CPU
		{E2287513-EB93-4F4B-B9C1-4B5BF1C57B3B}.Release|Win32.Build.0 = Release|Any CPU
		{E2287513-EB93-4F4B-B9C1-4B5BF1C57B3B}.SingleImage|Any CPU.ActiveCfg = Debug|Any CPU
		{E2287513-EB93-4F4B-B9C1-4B5BF1C57B3B}.SingleImage|Any CPU.Build.0 = Debug|Any CPU
		{E2287513-EB93-4F4B-B9C1-4B5BF1C57B3B}.SingleImage|Mixed Platforms.ActiveCfg = Debug|Any CPU
		{E2287513-EB93-4F4B-B9C1-4B5BF1C57B3B}.SingleImage|Mixed Platforms.Build.0 = Debug|Any CPU
		{E2287513-EB93-4F4B-B9C1-4B5BF1C57B3B}.SingleImage|Win32.ActiveCfg = Debug|Any CPU
		{E2287513-EB93-4F4B-B9C1-4B5BF1C57B3B}.SingleImage|Win32.Build.0 = Debug|Any CPU
		{7F002FAB-036C-4227-B279-9CEEF0BB38F8}.CD_ROM|Any CPU.ActiveCfg = Release|Win32
		{7F002FAB-036C-4227-B279-9CEEF0BB38F8}.CD_ROM|Any CPU.Build.0 = Release|Win32
		{7F002FAB-036C-4227-B279-9CEEF0BB38F8}.CD_ROM|Mixed Platforms.ActiveCfg = Release|Win32
		{7F002FAB-036C-4227-B279-9CEEF0BB38F8}.CD_ROM|Mixed Platforms.Build.0 = Release|Win32
		{7F002FAB-036C-4227-B279-9CEEF0BB38F8}.CD_ROM|Win32.ActiveCfg = Release|Win32
		{7F002FAB-036C-4227-B279-9CEEF0BB38F8}.CD_ROM|Win32.Build.0 = Release|Win32
		{7F002FAB-036C-4227-B279-9CEEF0BB38F8}.Debug|Any CPU.ActiveCfg = Debug|Win32
		{7F002FAB-036C-4227-B279-9CEEF0BB38F8}.Debug|Mixed Platforms.ActiveCfg = Debug|Win32
		{7F002FAB-036C-4227-B279-9CEEF0BB38F8}.Debug|Mixed Platforms.Build.0 = Debug|Win32
		{7F002FAB-036C-4227-B279-9CEEF0BB38F8}.Debug|Win32.ActiveCfg = Debug|Win32
		{7F002FAB-036C-4227-B279-9CEEF0BB38F8}.Debug|Win32.Build.0 = Debug|Win32
		{7F002FAB-036C-4227-B279-9CEEF0BB38F8}.DVD-5|Any CPU.ActiveCfg = Release|Win32
		{7F002FAB-036C-4227-B279-9CEEF0BB38F8}.DVD-5|Any CPU.Build.0 = Release|Win32
		{7F002FAB-036C-4227-B279-9CEEF0BB38F8}.DVD-5|Mixed Platforms.ActiveCfg = Debug|Win32
		{7F002FAB-036C-4227-B279-9CEEF0BB38F8}.DVD-5|Mixed Platforms.Build.0 = Debug|Win32
		{7F002FAB-036C-4227-B279-9CEEF0BB38F8}.DVD-5|Win32.ActiveCfg = Debug|Win32
		{7F002FAB-036C-4227-B279-9CEEF0BB38F8}.DVD-5|Win32.Build.0 = Debug|Win32
		{7F002FAB-036C-4227-B279-9CEEF0BB38F8}.Release|Any CPU.ActiveCfg = Release|Win32
		{7F002FAB-036C-4227-B279-9CEEF0BB38F8}.Release|Mixed Platforms.ActiveCfg = Release|Win32
		{7F002FAB-036C-4227-B279-9CEEF0BB38F8}.Release|Mixed Platforms.Build.0 = Release|Win32
		{7F002FAB-036C-4227-B279-9CEEF0BB38F8}.Release|Win32.ActiveCfg = Release|Win32
		{7F002FAB-036C-4227-B279-9CEEF0BB38F8}.Release|Win32.Build.0 = Release|Win32
		{7F002FAB-036C-4227-B279-9CEEF0BB38F8}.SingleImage|Any CPU.ActiveCfg = Release|Win32
		{7F002FAB-036C-4227-B279-9CEEF0BB38F8}.SingleImage|Any CPU.Build.0 = Release|Win32
		{7F002FAB-036C-4227-B279-9CEEF0BB38F8}.SingleImage|Mixed Platforms.ActiveCfg = Release|Win32
		{7F002FAB-036C-4227-B279-9CEEF0BB38F8}.SingleImage|Mixed Platforms.Build.0 = Release|Win32
		{7F002FAB-036C-4227-B279-9CEEF0BB38F8}.SingleImage|Win32.ActiveCfg = Release|Win32
		{7F002FAB-036C-4227-B279-9CEEF0BB38F8}.SingleImage|Win32.Build.0 = Release|Win32
	EndGlobalSection
	GlobalSection(SolutionProperties) = preSolution
		HideSolutionNode = FALSE
	EndGlobalSection
	GlobalSection(ExtensibilityGlobals) = postSolution
		SolutionGuid = {A046154D-1374-42C6-A5D2-9BDC6844EFE5}
	EndGlobalSection
EndGlobal
